{
  "name": "glb.thesystem.at",
  "version": "0.0.1",
  "lockfileVersion": 1,
  "requires": true,
  "dependencies": {
    "@grundstein/commons": {
      "version": "github:grundstein/commons#56d187e2959da2b8f96e1313a57335cad12a50b9",
      "from": "github:grundstein/commons",
      "dev": true,
      "requires": {
        "@magic/cli": "0.0.28",
        "@magic/error": "0.0.6",
        "@magic/fs": "0.0.7",
        "@magic/log": "0.1.5",
        "@magic/types": "0.1.13"
      }
    },
    "@grundstein/gss": {
      "version": "github:grundstein/gss#e72d78d993cd496cd88d615b75559084a92934c3",
      "from": "github:grundstein/gss",
      "dev": true,
      "requires": {
        "@grundstein/commons": "github:grundstein/commons",
        "@magic/cli": "0.0.28"
      }
    },
    "@magic/cases": {
      "version": "0.0.3",
      "resolved": "https://registry.npmjs.org/@magic/cases/-/cases-0.0.3.tgz",
      "integrity": "sha512-yXTVY0oZUs23l5EZYHtFgCISrDSo+XI1Pj0vBoIUzuL6ovngxynYbipHPHKqLQCTKGT8XLMhOd6fwWIUp/S7Uw==",
      "dev": true
    },
    "@magic/cli": {
      "version": "0.0.28",
      "resolved": "https://registry.npmjs.org/@magic/cli/-/cli-0.0.28.tgz",
      "integrity": "sha512-iZK2UHYCT/POnqOc1C86nFYyp+VIxy8V35OBAN4w2C0zwQfeK2RRXVje1Sik27HAfMsZO+MhSTeJx4cO2ne1fg==",
      "dev": true,
      "requires": {
        "@magic/cases": "0.0.3",
        "@magic/log": "0.1.5",
        "@magic/types": "0.1.12"
      },
      "dependencies": {
        "@magic/types": {
          "version": "0.1.12",
          "resolved": "https://registry.npmjs.org/@magic/types/-/types-0.1.12.tgz",
          "integrity": "sha512-m61sMW2CPaqDClWvyxjLHEV5VVjThEmL4XcNzfvk4GPToCRXV54fbQFfv6Q/n83CJNXPX6X3oCF6jlQ2X6/iVQ==",
          "dev": true
        }
      }
    },
    "@magic/deep": {
      "version": "0.1.3",
      "resolved": "https://registry.npmjs.org/@magic/deep/-/deep-0.1.3.tgz",
      "integrity": "sha512-QcDiHyAuYjXw7AOVhJc9sp9wP2kktNJUjgYO4BlsAWGjOPy5c2eyZxIkmmlxoF2cokQ0Mlfl6A84RVEzrfd1dQ==",
      "dev": true,
      "requires": {
        "@magic/types": "0.1.12"
      },
      "dependencies": {
        "@magic/types": {
          "version": "0.1.12",
          "resolved": "https://registry.npmjs.org/@magic/types/-/types-0.1.12.tgz",
          "integrity": "sha512-m61sMW2CPaqDClWvyxjLHEV5VVjThEmL4XcNzfvk4GPToCRXV54fbQFfv6Q/n83CJNXPX6X3oCF6jlQ2X6/iVQ==",
          "dev": true
        }
      }
    },
    "@magic/error": {
      "version": "0.0.6",
      "resolved": "https://registry.npmjs.org/@magic/error/-/error-0.0.6.tgz",
      "integrity": "sha512-JUvW13qpSP7wIvGnSvUsmX9OVJ4dlCKO+2EEQWePHnlKa96Q+mBDGEsO8JvfoVm2htsTz2TKwGrwWdUu35qy1A==",
      "dev": true,
      "requires": {
        "@magic/types": "0.1.12"
      },
      "dependencies": {
        "@magic/types": {
          "version": "0.1.12",
          "resolved": "https://registry.npmjs.org/@magic/types/-/types-0.1.12.tgz",
          "integrity": "sha512-m61sMW2CPaqDClWvyxjLHEV5VVjThEmL4XcNzfvk4GPToCRXV54fbQFfv6Q/n83CJNXPX6X3oCF6jlQ2X6/iVQ==",
          "dev": true
        }
      }
    },
    "@magic/fs": {
      "version": "0.0.7",
      "resolved": "https://registry.npmjs.org/@magic/fs/-/fs-0.0.7.tgz",
      "integrity": "sha512-aC5YIifE8daSTSLaZul6lpLDghwk6uMBGBPzpsVGNcJjIzHNceWunZf4Od1WhWo+o7P+b8LXAY2ZVjwr6KXZrA==",
      "dev": true,
      "requires": {
        "@magic/deep": "0.1.3",
        "@magic/error": "0.0.6",
        "@magic/mime-types": "0.0.3",
        "@magic/types": "0.1.13"
      }
    },
    "@magic/log": {
      "version": "0.1.5",
      "resolved": "https://registry.npmjs.org/@magic/log/-/log-0.1.5.tgz",
      "integrity": "sha512-hqH26Fb8qmRpFjfy1V47QqKpPAZq2rgiZ5lhW6l0xS7Rw0E7D4g7g6Qmno9A2jFXxz2ZWasD9K1PD3C19kldLw==",
      "dev": true,
      "requires": {
        "@magic/types": "0.1.12"
      },
      "dependencies": {
        "@magic/types": {
          "version": "0.1.12",
          "resolved": "https://registry.npmjs.org/@magic/types/-/types-0.1.12.tgz",
          "integrity": "sha512-m61sMW2CPaqDClWvyxjLHEV5VVjThEmL4XcNzfvk4GPToCRXV54fbQFfv6Q/n83CJNXPX6X3oCF6jlQ2X6/iVQ==",
          "dev": true
        }
      }
    },
    "@magic/mime-types": {
      "version": "0.0.3",
      "resolved": "https://registry.npmjs.org/@magic/mime-types/-/mime-types-0.0.3.tgz",
      "integrity": "sha512-Ygb+MTdljBA8AJE4l/UF75v+3eBr9Hp9B/P78TZI/8Ji2Tk2Aox+wkL7oqJsimujVj8xG07cpgZRu1XRTaOwAA==",
      "dev": true
    },
    "@magic/types": {
      "version": "0.1.13",
      "resolved": "https://registry.npmjs.org/@magic/types/-/types-0.1.13.tgz",
      "integrity": "sha512-q1Cs8qXWs6+3Qp2jgBYiWIx554ZrOY5E6EEsn2I0RcZXVk/XUiUJDvQR1drMTc7skvDBjIIdTJfX6tDOPOSIWw==",
      "dev": true
    },
    "@types/color-name": {
      "version": "1.1.1",
      "resolved": "https://registry.npmjs.org/@types/color-name/-/color-name-1.1.1.tgz",
      "integrity": "sha512-rr+OQyAjxze7GgWrSaJwydHStIhHq2lvY3BOC2Mj7KnzI7XK0Uw1TOOdI9lDoajEbSWLiYgoo4f1R51erQfhPQ==",
      "dev": true
    },
    "ansi-regex": {
      "version": "5.0.0",
      "resolved": "https://registry.npmjs.org/ansi-regex/-/ansi-regex-5.0.0.tgz",
      "integrity": "sha512-bY6fj56OUQ0hU1KjFNDQuJFezqKdrAyFdIevADiqrWHwSlbmBNMHp5ak2f40Pm8JTFyM2mqxkG6ngkHO11f/lg==",
      "dev": true
    },
    "ansi-styles": {
      "version": "4.2.1",
      "resolved": "https://registry.npmjs.org/ansi-styles/-/ansi-styles-4.2.1.tgz",
      "integrity": "sha512-9VGjrMsG1vePxcSweQsN20KY/c4zN0h9fLjqAbwbPfahM3t+NL+M9HC8xeXG2I8pX5NoamTGNuomEUFI7fcUjA==",
      "dev": true,
      "requires": {
        "@types/color-name": "^1.1.1",
        "color-convert": "^2.0.1"
      }
    },
    "at-least-node": {
      "version": "1.0.0",
      "resolved": "https://registry.npmjs.org/at-least-node/-/at-least-node-1.0.0.tgz",
      "integrity": "sha512-+q/t7Ekv1EDY2l6Gda6LLiX14rU9TV20Wa3ofeQmwPFZbOMo9DXrLbOjFaaclkXKWidIaopwAObQDqwWtGUjqg==",
      "dev": true
    },
    "bluebird": {
      "version": "3.7.2",
      "resolved": "https://registry.npmjs.org/bluebird/-/bluebird-3.7.2.tgz",
      "integrity": "sha512-XpNj6GDQzdfW+r2Wnn7xiSAd7TM3jzkxGXBGTtWKuSXv1xUV+azxAm8jdWZN06QTQk+2N2XB9jRDkvbmQmcRtg==",
      "dev": true
    },
    "camelcase": {
      "version": "5.3.1",
      "resolved": "https://registry.npmjs.org/camelcase/-/camelcase-5.3.1.tgz",
      "integrity": "sha512-L28STB170nwWS63UjtlEOE3dldQApaJXZkOI1uMFfzf3rRuPegHaHesyee+YxQ+W6SvRDQV6UrdOdRiR153wJg==",
      "dev": true
    },
    "cesium": {
      "version": "1.73.0",
      "resolved": "https://registry.npmjs.org/cesium/-/cesium-1.73.0.tgz",
      "integrity": "sha512-HqvxPbCEsE1Szdm5qPIrBNjHG2cJ9Xk5uYMELmG0GuBL/sYaQ/0IMton43LUBY4E/wblRivNo1Vz7tIQweraFw==",
      "dev": true
    },
    "cliui": {
      "version": "6.0.0",
      "resolved": "https://registry.npmjs.org/cliui/-/cliui-6.0.0.tgz",
      "integrity": "sha512-t6wbgtoCXvAzst7QgXxJYqPt0usEfbgQdftEPbLL/cvv6HPE5VgvqCuAIDR0NgU52ds6rFwqrgakNLrHEjCbrQ==",
      "dev": true,
      "requires": {
        "string-width": "^4.2.0",
        "strip-ansi": "^6.0.0",
        "wrap-ansi": "^6.2.0"
      }
    },
    "color-convert": {
      "version": "2.0.1",
      "resolved": "https://registry.npmjs.org/color-convert/-/color-convert-2.0.1.tgz",
      "integrity": "sha512-RRECPsj7iu/xb5oKYcsFHSppFNnsj/52OVTRKb4zP5onXwVF3zVmmToNcOfGC+CRDpfK/U584fMg38ZHCaElKQ==",
      "dev": true,
      "requires": {
        "color-name": "~1.1.4"
      }
    },
    "color-name": {
      "version": "1.1.4",
      "resolved": "https://registry.npmjs.org/color-name/-/color-name-1.1.4.tgz",
      "integrity": "sha512-dOy+3AuW3a2wNbZHIuMZpTcgjGuLU/uBL/ubcZF9OXbDo8ff4O8yVp5Bf0efS8uEoYo5q4Fx7dY9OgQGXgAsQA==",
      "dev": true
    },
    "decamelize": {
      "version": "1.2.0",
      "resolved": "https://registry.npmjs.org/decamelize/-/decamelize-1.2.0.tgz",
      "integrity": "sha1-9lNNFRSCabIDUue+4m9QH5oZEpA=",
      "dev": true
    },
    "draco3d": {
      "version": "1.3.6",
      "resolved": "https://registry.npmjs.org/draco3d/-/draco3d-1.3.6.tgz",
      "integrity": "sha512-zZoH5JNcdWDrUb2ks2mbzGDUUPvDaDf1ysTJS2St+3/F/8XcKAX4VKgzPjTP7MfHegHQ7Udv8ovS+R3AgXlH7g==",
      "dev": true
    },
    "emoji-regex": {
      "version": "8.0.0",
      "resolved": "https://registry.npmjs.org/emoji-regex/-/emoji-regex-8.0.0.tgz",
      "integrity": "sha512-MSjYzcWNOA0ewAHpz0MxpYFvwg6yjy1NG3xteoqz644VCo/RPgnr1/GGt+ic3iJTzQ8Eu3TdM14SawnVUmGE6A==",
      "dev": true
    },
    "find-up": {
      "version": "4.1.0",
      "resolved": "https://registry.npmjs.org/find-up/-/find-up-4.1.0.tgz",
      "integrity": "sha512-PpOwAdQ/YlXQ2vj8a3h8IipDuYRi3wceVQQGYWxNINccq40Anw7BlsEXCMbt1Zt+OLA6Fq9suIpIWD0OsnISlw==",
      "dev": true,
      "requires": {
        "locate-path": "^5.0.0",
        "path-exists": "^4.0.0"
      }
    },
    "fs-extra": {
      "version": "9.0.1",
      "resolved": "https://registry.npmjs.org/fs-extra/-/fs-extra-9.0.1.tgz",
      "integrity": "sha512-h2iAoN838FqAFJY2/qVpzFXy+EBxfVE220PalAqQLDVsFOHLJrZvut5puAbCdNv6WJk+B8ihI+k0c7JK5erwqQ==",
      "dev": true,
      "requires": {
        "at-least-node": "^1.0.0",
        "graceful-fs": "^4.2.0",
        "jsonfile": "^6.0.1",
        "universalify": "^1.0.0"
      }
    },
    "get-caller-file": {
      "version": "2.0.5",
      "resolved": "https://registry.npmjs.org/get-caller-file/-/get-caller-file-2.0.5.tgz",
      "integrity": "sha512-DyFP3BM/3YHTQOCUL/w0OZHR0lpKeGrxotcHWcqNEdnltqFwXVfhEBQ94eIo34AfQpo0rGki4cyIiftY06h2Fg==",
      "dev": true
    },
    "gltf-pipeline": {
      "version": "3.0.0",
      "resolved": "https://registry.npmjs.org/gltf-pipeline/-/gltf-pipeline-3.0.0.tgz",
      "integrity": "sha512-Bv/d1TBGTD7NgUGHA+gWECSjQ9PRo6yabFT9x2Mf8PDXLd4ub09YdiRWDP9ujL2cDrbSn/2/72Fk+KEBCh0/LQ==",
      "dev": true,
      "requires": {
        "bluebird": "^3.7.2",
        "cesium": "^1.69.0",
        "draco3d": "^1.3.6",
        "fs-extra": "^9.0.0",
        "mime": "^2.4.5",
        "object-hash": "^2.0.3",
        "yargs": "^15.3.1"
      }
    },
    "graceful-fs": {
      "version": "4.2.4",
      "resolved": "https://registry.npmjs.org/graceful-fs/-/graceful-fs-4.2.4.tgz",
      "integrity": "sha512-WjKPNJF79dtJAVniUlGGWHYGz2jWxT6VhN/4m1NdkbZ2nOsEF+cI1Edgql5zCRhs/VsQYRvrXctxktVXZUkixw==",
      "dev": true
    },
    "is-fullwidth-code-point": {
      "version": "3.0.0",
      "resolved": "https://registry.npmjs.org/is-fullwidth-code-point/-/is-fullwidth-code-point-3.0.0.tgz",
      "integrity": "sha512-zymm5+u+sCsSWyD9qNaejV3DFvhCKclKdizYaJUuHA83RLjb7nSuGnddCHGv0hk+KY7BMAlsWeK4Ueg6EV6XQg==",
      "dev": true
    },
    "jsonfile": {
      "version": "6.0.1",
      "resolved": "https://registry.npmjs.org/jsonfile/-/jsonfile-6.0.1.tgz",
      "integrity": "sha512-jR2b5v7d2vIOust+w3wtFKZIfpC2pnRmFAhAC/BuweZFQR8qZzxH1OyrQ10HmdVYiXWkYUqPVsz91cG7EL2FBg==",
      "dev": true,
      "requires": {
        "graceful-fs": "^4.1.6",
        "universalify": "^1.0.0"
      }
    },
    "locate-path": {
      "version": "5.0.0",
      "resolved": "https://registry.npmjs.org/locate-path/-/locate-path-5.0.0.tgz",
      "integrity": "sha512-t7hw9pI+WvuwNJXwk5zVHpyhIqzg2qTlklJOf0mVxGSbe3Fp2VieZcduNYjaLDoy6p9uGpQEGWG87WpMKlNq8g==",
      "dev": true,
      "requires": {
        "p-locate": "^4.1.0"
      }
    },
    "mime": {
      "version": "2.4.6",
      "resolved": "https://registry.npmjs.org/mime/-/mime-2.4.6.tgz",
      "integrity": "sha512-RZKhC3EmpBchfTGBVb8fb+RL2cWyw/32lshnsETttkBAyAUXSGHxbEJWWRXc751DrIxG1q04b8QwMbAwkRPpUA==",
      "dev": true
    },
    "object-hash": {
      "version": "2.0.3",
      "resolved": "https://registry.npmjs.org/object-hash/-/object-hash-2.0.3.tgz",
      "integrity": "sha512-JPKn0GMu+Fa3zt3Bmr66JhokJU5BaNBIh4ZeTlaCBzrBsOeXzwcKKAK1tbLiPKgvwmPXsDvvLHoWh5Bm7ofIYg==",
      "dev": true
    },
    "p-limit": {
      "version": "2.3.0",
      "resolved": "https://registry.npmjs.org/p-limit/-/p-limit-2.3.0.tgz",
      "integrity": "sha512-//88mFWSJx8lxCzwdAABTJL2MyWB12+eIY7MDL2SqLmAkeKU9qxRvWuSyTjm3FUmpBEMuFfckAIqEaVGUDxb6w==",
      "dev": true,
      "requires": {
        "p-try": "^2.0.0"
      }
    },
    "p-locate": {
      "version": "4.1.0",
      "resolved": "https://registry.npmjs.org/p-locate/-/p-locate-4.1.0.tgz",
      "integrity": "sha512-R79ZZ/0wAxKGu3oYMlz8jy/kbhsNrS7SKZ7PxEHBgJ5+F2mtFW2fK2cOtBh1cHYkQsbzFV7I+EoRKe6Yt0oK7A==",
      "dev": true,
      "requires": {
        "p-limit": "^2.2.0"
      }
    },
    "p-try": {
      "version": "2.2.0",
      "resolved": "https://registry.npmjs.org/p-try/-/p-try-2.2.0.tgz",
      "integrity": "sha512-R4nPAVTAU0B9D35/Gk3uJf/7XYbQcyohSKdvAxIRSNghFl4e71hVoGnBNQz9cWaXxO2I10KTC+3jMdvvoKw6dQ==",
      "dev": true
    },
    "path-exists": {
      "version": "4.0.0",
      "resolved": "https://registry.npmjs.org/path-exists/-/path-exists-4.0.0.tgz",
      "integrity": "sha512-ak9Qy5Q7jYb2Wwcey5Fpvg2KoAc/ZIhLSLOSBmRmygPsGwkVVt0fZa0qrtMz+m6tJTAHfZQ8FnmB4MG4LWy7/w==",
      "dev": true
    },
    "require-directory": {
      "version": "2.1.1",
      "resolved": "https://registry.npmjs.org/require-directory/-/require-directory-2.1.1.tgz",
      "integrity": "sha1-jGStX9MNqxyXbiNE/+f3kqam30I=",
      "dev": true
    },
    "require-main-filename": {
      "version": "2.0.0",
      "resolved": "https://registry.npmjs.org/require-main-filename/-/require-main-filename-2.0.0.tgz",
      "integrity": "sha512-NKN5kMDylKuldxYLSUfrbo5Tuzh4hd+2E8NPPX02mZtn1VuREQToYe/ZdlJy+J3uCpfaiGF05e7B8W0iXbQHmg==",
      "dev": true
    },
    "set-blocking": {
      "version": "2.0.0",
      "resolved": "https://registry.npmjs.org/set-blocking/-/set-blocking-2.0.0.tgz",
      "integrity": "sha1-BF+XgtARrppoA93TgrJDkrPYkPc=",
      "dev": true
    },
    "string-width": {
      "version": "4.2.0",
      "resolved": "https://registry.npmjs.org/string-width/-/string-width-4.2.0.tgz",
      "integrity": "sha512-zUz5JD+tgqtuDjMhwIg5uFVV3dtqZ9yQJlZVfq4I01/K5Paj5UHj7VyrQOJvzawSVlKpObApbfD0Ed6yJc+1eg==",
      "dev": true,
      "requires": {
        "emoji-regex": "^8.0.0",
        "is-fullwidth-code-point": "^3.0.0",
        "strip-ansi": "^6.0.0"
      }
    },
    "strip-ansi": {
      "version": "6.0.0",
      "resolved": "https://registry.npmjs.org/strip-ansi/-/strip-ansi-6.0.0.tgz",
      "integrity": "sha512-AuvKTrTfQNYNIctbR1K/YGTR1756GycPsg7b9bdV9Duqur4gv6aKqHXah67Z8ImS7WEz5QVcOtlfW2rZEugt6w==",
      "dev": true,
      "requires": {
        "ansi-regex": "^5.0.0"
      }
    },
    "universalify": {
      "version": "1.0.0",
      "resolved": "https://registry.npmjs.org/universalify/-/universalify-1.0.0.tgz",
      "integrity": "sha512-rb6X1W158d7pRQBg5gkR8uPaSfiids68LTJQYOtEUhoJUWBdaQHsuT/EUduxXYxcrt4r5PJ4fuHW1MHT6p0qug==",
      "dev": true
    },
    "which-module": {
      "version": "2.0.0",
      "resolved": "https://registry.npmjs.org/which-module/-/which-module-2.0.0.tgz",
      "integrity": "sha1-2e8H3Od7mQK4o6j6SzHD4/fm6Ho=",
      "dev": true
    },
    "wrap-ansi": {
      "version": "6.2.0",
      "resolved": "https://registry.npmjs.org/wrap-ansi/-/wrap-ansi-6.2.0.tgz",
      "integrity": "sha512-r6lPcBGxZXlIcymEu7InxDMhdW0KDxpLgoFLcguasxCaJ/SOIZwINatK9KY/tf+ZrlywOKU0UDj3ATXUBfxJXA==",
      "dev": true,
      "requires": {
        "ansi-styles": "^4.0.0",
        "string-width": "^4.1.0",
        "strip-ansi": "^6.0.0"
      }
    },
    "y18n": {
      "version": "4.0.0",
      "resolved": "https://registry.npmjs.org/y18n/-/y18n-4.0.0.tgz",
      "integrity": "sha512-r9S/ZyXu/Xu9q1tYlpsLIsa3EeLXXk0VwlxqTcFRfg9EhMW+17kbt9G0NrgCmhGb5vT2hyhJZLfDGx+7+5Uj/w==",
      "dev": true
    },
    "yargs": {
      "version": "15.4.1",
      "resolved": "https://registry.npmjs.org/yargs/-/yargs-15.4.1.tgz",
      "integrity": "sha512-aePbxDmcYW++PaqBsJ+HYUFwCdv4LVvdnhBy78E57PIor8/OVvhMrADFFEDh8DHDFRv/O9i3lPhsENjO7QX0+A==",
      "dev": true,
      "requires": {
        "cliui": "^6.0.0",
        "decamelize": "^1.2.0",
        "find-up": "^4.1.0",
        "get-caller-file": "^2.0.1",
        "require-directory": "^2.1.1",
        "require-main-filename": "^2.0.0",
        "set-blocking": "^2.0.0",
        "string-width": "^4.2.0",
        "which-module": "^2.0.0",
        "y18n": "^4.0.0",
        "yargs-parser": "^18.1.2"
      }
    },
    "yargs-parser": {
      "version": "18.1.3",
      "resolved": "https://registry.npmjs.org/yargs-parser/-/yargs-parser-18.1.3.tgz",
      "integrity": "sha512-o50j0JeToy/4K6OZcaQmW6lyXXKhq7csREXcDwk2omFPJEwUNOVtJKvmDr9EI1fAJZUyZcRF7kxGBWmRXudrCQ==",
      "dev": true,
      "requires": {
        "camelcase": "^5.0.0",
        "decamelize": "^1.2.0"
      }
    }
  }
}
